
Microsoft Visual Studio Solution File, Format Version 11.00
# Visual Studio 2010
# SharpDevelop 4.4
Project("{FAE04EC0-301F-11D3-BF4B-00C04F79EFBC}") = "For15order", "For15order\For15order.csproj", "{A31377EF-74DC-4554-8FF3-38FE42C465F8}"
EndProject
Global
	GlobalSection(SolutionConfigurationPlatforms) = preSolution
		Debug|Any CPU = Debug|Any CPU
		Release|Any CPU = Release|Any CPU
	EndGlobalSection
	GlobalSection(ProjectConfigurationPlatforms) = postSolution
		{A31377EF-74DC-4554-8FF3-38FE42C465F8}.Debug|Any CPU.Build.0 = Debug|Any CPU
		{A31377EF-74DC-4554-8FF3-38FE42C465F8}.Debug|Any CPU.ActiveCfg = Debug|Any CPU
		{A31377EF-74DC-4554-8FF3-38FE42C465F8}.Release|Any CPU.Build.0 = Release|Any CPU
		{A31377EF-74DC-4554-8FF3-38FE42C465F8}.Release|Any CPU.ActiveCfg = Release|Any CPU
	EndGlobalSection
EndGlobal
